{
  "name": "trackerkcal-landing-page",
  "version": "1.0.0",
  "lockfileVersion": 3,
  "requires": true,
  "packages": {
    "": {
      "name": "trackerkcal-landing-page",
      "version": "1.0.0",
      "dependencies": {
        "@vitejs/plugin-react": "file:vendor/@vitejs/plugin-react",
        "react": "file:vendor/react",
        "react-dom": "file:vendor/react-dom",
        "vite": "file:vendor/vite"
      },
      "devDependencies": {
        "@tailwindcss/vite": "file:vendor/@tailwindcss/vite",
        "tailwindcss": "file:vendor/tailwindcss",
        "typescript": "file:vendor/typescript"
      }
    },
    "node_modules/@tailwindcss/vite": {
      "resolved": "vendor/@tailwindcss/vite",
      "link": true
    },
    "node_modules/@vitejs/plugin-react": {
      "resolved": "vendor/@vitejs/plugin-react",
      "link": true
    },
    "node_modules/react": {
      "resolved": "vendor/react",
      "link": true
    },
    "node_modules/react-dom": {
      "resolved": "vendor/react-dom",
      "link": true
    },
    "node_modules/tailwindcss": {
      "resolved": "vendor/tailwindcss",
      "link": true
    },
    "node_modules/typescript": {
      "resolved": "vendor/typescript",
      "link": true
    },
    "node_modules/vite": {
      "resolved": "vendor/vite",
      "link": true
    },
    "vendor/@tailwindcss/vite": {
      "version": "latest-local",
      "dev": true
    },
    "vendor/@vitejs/plugin-react": {
      "version": "latest-local"
    },
    "vendor/react": {
      "version": "19.0.0-local"
    },
    "vendor/react-dom": {
      "version": "19.0.0-local"
    },
    "vendor/tailwindcss": {
      "version": "latest-local",
      "dev": true
    },
    "vendor/typescript": {
      "version": "6.0.0-local",
      "dev": true,
      "bin": {
        "tsc": "bin/tsc.js"
      }
    },
    "vendor/vite": {
      "version": "7.0.0-local",
      "bin": {
        "vite": "bin/vite.js"
      }
    }
  }
}
